uuid: b31a1734-0ec2-4e18-b8b7-685b1d83b32f
langcode: en
status: true
dependencies:
  module:
    - dropsolid_dependency_injection
  theme:
    - bartik
_core:
  default_config_hash: Pz0MoGCz9_VGb1WvIjXzu0YMlEM_H0dAmtbR5Xk9MPA
id: restoutputblock
theme: bartik
region: content
weight: 0
provider: null
plugin: rest_output_block
settings:
  id: rest_output_block
  label: 'Rest output block'
  provider: dropsolid_dependency_injection
  label_display: visible
visibility: {  }
